
Microsoft Visual Studio Solution File, Format Version 12.00
# Visual Studio Version 17
VisualStudioVersion = 17.10.35122.118
MinimumVisualStudioVersion = 10.0.40219.1
Project("{FAE04EC0-301F-11D3-BF4B-00C04F79EFBC}") = "Actividad.API", "Actividad.API\Actividad.API.csproj", "{874D0392-B91D-4583-A83E-437F46BE5478}"
EndProject
Global
	GlobalSection(SolutionConfigurationPlatforms) = preSolution
		Debug|Any CPU = Debug|Any CPU
		Release|Any CPU = Release|Any CPU
	EndGlobalSection
	GlobalSection(ProjectConfigurationPlatforms) = postSolution
		{874D0392-B91D-4583-A83E-437F46BE5478}.Debug|Any CPU.ActiveCfg = Debug|Any CPU
		{874D0392-B91D-4583-A83E-437F46BE5478}.Debug|Any CPU.Build.0 = Debug|Any CPU
		{874D0392-B91D-4583-A83E-437F46BE5478}.Release|Any CPU.ActiveCfg = Release|Any CPU
		{874D0392-B91D-4583-A83E-437F46BE5478}.Release|Any CPU.Build.0 = Release|Any CPU
	EndGlobalSection
	GlobalSection(SolutionProperties) = preSolution
		HideSolutionNode = FALSE
	EndGlobalSection
	GlobalSection(ExtensibilityGlobals) = postSolution
		SolutionGuid = {47DBDE67-DCB8-4138-8E73-8111D586A1E9}
	EndGlobalSection
EndGlobal
